{
  "requires": true,
  "lockfileVersion": 1,
  "dependencies": {
    "nouislider": {
      "version": "14.0.3",
      "resolved": "https://registry.npmjs.org/nouislider/-/nouislider-14.0.3.tgz",
      "integrity": "sha512-jJYqX5UqBjkHWf0Bz+OsYcdeKW1CgvntDGBSLL/+lQ/u/DD6rx1XIrO+2TSYlLEw2quLpsRMZ4JrBl0r/LPQyg=="
    }
  }
}
